
Microsoft Visual Studio Solution File, Format Version 12.00
# Visual Studio Version 17
VisualStudioVersion = 17.0.31919.166
MinimumVisualStudioVersion = 10.0.40219.1
Project("{9A19103F-16F7-4668-BE54-9A1E7A4F7556}") = "ShannonAlgorithmApp", "ShannonAlgorithmApp.csproj", "{BD587FB6-BC37-4FAE-B6C1-AB4C88C38811}"
EndProject
Global
	GlobalSection(SolutionConfigurationPlatforms) = preSolution
		Debug|Any CPU = Debug|Any CPU
		Release|Any CPU = Release|Any CPU
	EndGlobalSection
	GlobalSection(ProjectConfigurationPlatforms) = postSolution
		{BD587FB6-BC37-4FAE-B6C1-AB4C88C38811}.Debug|Any CPU.ActiveCfg = Debug|Any CPU
		{BD587FB6-BC37-4FAE-B6C1-AB4C88C38811}.Debug|Any CPU.Build.0 = Debug|Any CPU
		{BD587FB6-BC37-4FAE-B6C1-AB4C88C38811}.Release|Any CPU.ActiveCfg = Release|Any CPU
		{BD587FB6-BC37-4FAE-B6C1-AB4C88C38811}.Release|Any CPU.Build.0 = Release|Any CPU
	EndGlobalSection
	GlobalSection(SolutionProperties) = preSolution
		HideSolutionNode = FALSE
	EndGlobalSection
	GlobalSection(ExtensibilityGlobals) = postSolution
		SolutionGuid = {AD37ABDD-7304-4A99-95A7-4198D18383D8}
	EndGlobalSection
EndGlobal
